// !$*UTF8*$!
{
	archiveVersion = 1;
	classes = {
	};
	objectVersion = 50;
	objects = {

/* Begin PBXBuildFile section */
		EAFA0EA526216DCB00BA1C68 /* AppDelegate.swift in Sources */ = {isa = PBXBuildFile; fileRef = EAFA0EA426216DCB00BA1C68 /* AppDelegate.swift */; };
		EAFA0EA726216DCB00BA1C68 /* SceneDelegate.swift in Sources */ = {isa = PBXBuildFile; fileRef = EAFA0EA626216DCB00BA1C68 /* SceneDelegate.swift */; };
		EAFA0EA926216DCB00BA1C68 /* ViewController.swift in Sources */ = {isa = PBXBuildFile; fileRef = EAFA0EA826216DCB00BA1C68 /* ViewController.swift */; };
		EAFA0EAC26216DCB00BA1C68 /* Main.storyboard in Resources */ = {isa = PBXBuildFile; fileRef = EAFA0EAA26216DCB00BA1C68 /* Main.storyboard */; };
		EAFA0EAE26216DCC00BA1C68 /* Assets.xcassets in Resources */ = {isa = PBXBuildFile; fileRef = EAFA0EAD26216DCC00BA1C68 /* Assets.xcassets */; };
		EAFA0EB126216DCC00BA1C68 /* LaunchScreen.storyboard in Resources */ = {isa = PBXBuildFile; fileRef = EAFA0EAF26216DCC00BA1C68 /* LaunchScreen.storyboard */; };
		EAFA0EBB26216E1B00BA1C68 /* CreateGoals.storyboard in Resources */ = {isa = PBXBuildFile; fileRef = EAFA0EBA26216E1B00BA1C68 /* CreateGoals.storyboard */; };
		EAFA0EBE2621719800BA1C68 /* CreateGoalController.swift in Sources */ = {isa = PBXBuildFile; fileRef = EAFA0EBD2621719800BA1C68 /* CreateGoalController.swift */; };
		EAFA0EC5262174CE00BA1C68 /* Icon.storyboard in Resources */ = {isa = PBXBuildFile; fileRef = EAFA0EC4262174CE00BA1C68 /* Icon.storyboard */; };
		EAFA0EC82621750F00BA1C68 /* IconController.swift in Sources */ = {isa = PBXBuildFile; fileRef = EAFA0EC72621750F00BA1C68 /* IconController.swift */; };
		EAFA0ECE2621772300BA1C68 /* CollectionViewCell.swift in Sources */ = {isa = PBXBuildFile; fileRef = EAFA0ECC2621772300BA1C68 /* CollectionViewCell.swift */; };
		EAFA0ECF2621772300BA1C68 /* CollectionViewCell.xib in Resources */ = {isa = PBXBuildFile; fileRef = EAFA0ECD2621772300BA1C68 /* CollectionViewCell.xib */; };
/* End PBXBuildFile section */

/* Begin PBXFileReference section */
		EAFA0EA126216DCB00BA1C68 /* fix-mogo.app */ = {isa = PBXFileReference; explicitFileType = wrapper.application; includeInIndex = 0; path = "fix-mogo.app"; sourceTree = BUILT_PRODUCTS_DIR; };
		EAFA0EA426216DCB00BA1C68 /* AppDelegate.swift */ = {isa = PBXFileReference; lastKnownFileType = sourcecode.swift; path = AppDelegate.swift; sourceTree = "<group>"; };
		EAFA0EA626216DCB00BA1C68 /* SceneDelegate.swift */ = {isa = PBXFileReference; lastKnownFileType = sourcecode.swift; path = SceneDelegate.swift; sourceTree = "<group>"; };
		EAFA0EA826216DCB00BA1C68 /* ViewController.swift */ = {isa = PBXFileReference; lastKnownFileType = sourcecode.swift; path = ViewController.swift; sourceTree = "<group>"; };
		EAFA0EAB26216DCB00BA1C68 /* Base */ = {isa = PBXFileReference; lastKnownFileType = file.storyboard; name = Base; path = Base.lproj/Main.storyboard; sourceTree = "<group>"; };
		EAFA0EAD26216DCC00BA1C68 /* Assets.xcassets */ = {isa = PBXFileReference; lastKnownFileType = folder.assetcatalog; path = Assets.xcassets; sourceTree = "<group>"; };
		EAFA0EB026216DCC00BA1C68 /* Base */ = {isa = PBXFileReference; lastKnownFileType = file.storyboard; name = Base; path = Base.lproj/LaunchScreen.storyboard; sourceTree = "<group>"; };
		EAFA0EB226216DCC00BA1C68 /* Info.plist */ = {isa = PBXFileReference; lastKnownFileType = text.plist.xml; path = Info.plist; sourceTree = "<group>"; };
		EAFA0EBA26216E1B00BA1C68 /* CreateGoals.storyboard */ = {isa = PBXFileReference; lastKnownFileType = file.storyboard; path = CreateGoals.storyboard; sourceTree = "<group>"; };
		EAFA0EBD2621719800BA1C68 /* CreateGoalController.swift */ = {isa = PBXFileReference; lastKnownFileType = sourcecode.swift; path = CreateGoalController.swift; sourceTree = "<group>"; };
		EAFA0EC4262174CE00BA1C68 /* Icon.storyboard */ = {isa = PBXFileReference; lastKnownFileType = file.storyboard; path = Icon.storyboard; sourceTree = "<group>"; };
		EAFA0EC72621750F00BA1C68 /* IconController.swift */ = {isa = PBXFileReference; lastKnownFileType = sourcecode.swift; path = IconController.swift; sourceTree = "<group>"; };
		EAFA0ECC2621772300BA1C68 /* CollectionViewCell.swift */ = {isa = PBXFileReference; lastKnownFileType = sourcecode.swift; path = CollectionViewCell.swift; sourceTree = "<group>"; };
		EAFA0ECD2621772300BA1C68 /* CollectionViewCell.xib */ = {isa = PBXFileReference; lastKnownFileType = file.xib; path = CollectionViewCell.xib; sourceTree = "<group>"; };
/* End PBXFileReference section */

/* Begin PBXFrameworksBuildPhase section */
		EAFA0E9E26216DCB00BA1C68 /* Frameworks */ = {
			isa = PBXFrameworksBuildPhase;
			buildActionMask = 2147483647;
			files = (
			);
			runOnlyForDeploymentPostprocessing = 0;
		};
/* End PBXFrameworksBuildPhase section */

/* Begin PBXGroup section */
		EAFA0E9826216DCB00BA1C68 = {
			isa = PBXGroup;
			children = (
				EAFA0EA326216DCB00BA1C68 /* fix-mogo */,
				EAFA0EA226216DCB00BA1C68 /* Products */,
			);
			sourceTree = "<group>";
		};
		EAFA0EA226216DCB00BA1C68 /* Products */ = {
			isa = PBXGroup;
			children = (
				EAFA0EA126216DCB00BA1C68 /* fix-mogo.app */,
			);
			name = Products;
			sourceTree = "<group>";
		};
		EAFA0EA326216DCB00BA1C68 /* fix-mogo */ = {
			isa = PBXGroup;
			children = (
				EAFA0EB926216DFB00BA1C68 /* create-goals */,
				EAFA0EA426216DCB00BA1C68 /* AppDelegate.swift */,
				EAFA0EA626216DCB00BA1C68 /* SceneDelegate.swift */,
				EAFA0EA826216DCB00BA1C68 /* ViewController.swift */,
				EAFA0EAA26216DCB00BA1C68 /* Main.storyboard */,
				EAFA0EAD26216DCC00BA1C68 /* Assets.xcassets */,
				EAFA0EAF26216DCC00BA1C68 /* LaunchScreen.storyboard */,
				EAFA0EB226216DCC00BA1C68 /* Info.plist */,
			);
			path = "fix-mogo";
			sourceTree = "<group>";
		};
		EAFA0EB926216DFB00BA1C68 /* create-goals */ = {
			isa = PBXGroup;
			children = (
				EAFA0EC22621747800BA1C68 /* icon-collection */,
				EAFA0EBD2621719800BA1C68 /* CreateGoalController.swift */,
				EAFA0EBA26216E1B00BA1C68 /* CreateGoals.storyboard */,
			);
			path = "create-goals";
			sourceTree = "<group>";
		};
		EAFA0EC22621747800BA1C68 /* icon-collection */ = {
			isa = PBXGroup;
			children = (
				EAFA0ECB262176FD00BA1C68 /* icon-collection-cell */,
				EAFA0EC72621750F00BA1C68 /* IconController.swift */,
				EAFA0EC4262174CE00BA1C68 /* Icon.storyboard */,
			);
			path = "icon-collection";
			sourceTree = "<group>";
		};
		EAFA0ECB262176FD00BA1C68 /* icon-collection-cell */ = {
			isa = PBXGroup;
			children = (
				EAFA0ECC2621772300BA1C68 /* CollectionViewCell.swift */,
				EAFA0ECD2621772300BA1C68 /* CollectionViewCell.xib */,
			);
			path = "icon-collection-cell";
			sourceTree = "<group>";
		};
/* End PBXGroup section */

/* Begin PBXNativeTarget section */
		EAFA0EA026216DCB00BA1C68 /* fix-mogo */ = {
			isa = PBXNativeTarget;
			buildConfigurationList = EAFA0EB526216DCC00BA1C68 /* Build configuration list for PBXNativeTarget "fix-mogo" */;
			buildPhases = (
				EAFA0E9D26216DCB00BA1C68 /* Sources */,
				EAFA0E9E26216DCB00BA1C68 /* Frameworks */,
				EAFA0E9F26216DCB00BA1C68 /* Resources */,
			);
			buildRules = (
			);
			dependencies = (
			);
			name = "fix-mogo";
			productName = "fix-mogo";
			productReference = EAFA0EA126216DCB00BA1C68 /* fix-mogo.app */;
			productType = "com.apple.product-type.application";
		};
/* End PBXNativeTarget section */

/* Begin PBXProject section */
		EAFA0E9926216DCB00BA1C68 /* Project object */ = {
			isa = PBXProject;
			attributes = {
				KnownAssetTags = (
					Header,
				);
				LastSwiftUpdateCheck = 1240;
				LastUpgradeCheck = 1240;
				TargetAttributes = {
					EAFA0EA026216DCB00BA1C68 = {
						CreatedOnToolsVersion = 12.4;
					};
				};
			};
			buildConfigurationList = EAFA0E9C26216DCB00BA1C68 /* Build configuration list for PBXProject "fix-mogo" */;
			compatibilityVersion = "Xcode 9.3";
			developmentRegion = en;
			hasScannedForEncodings = 0;
			knownRegions = (
				en,
				Base,
			);
			mainGroup = EAFA0E9826216DCB00BA1C68;
			productRefGroup = EAFA0EA226216DCB00BA1C68 /* Products */;
			projectDirPath = "";
			projectRoot = "";
			targets = (
				EAFA0EA026216DCB00BA1C68 /* fix-mogo */,
			);
		};
/* End PBXProject section */

/* Begin PBXResourcesBuildPhase section */
		EAFA0E9F26216DCB00BA1C68 /* Resources */ = {
			isa = PBXResourcesBuildPhase;
			buildActionMask = 2147483647;
			files = (
				EAFA0EB126216DCC00BA1C68 /* LaunchScreen.storyboard in Resources */,
				EAFA0EAE26216DCC00BA1C68 /* Assets.xcassets in Resources */,
				EAFA0ECF2621772300BA1C68 /* CollectionViewCell.xib in Resources */,
				EAFA0EC5262174CE00BA1C68 /* Icon.storyboard in Resources */,
				EAFA0EAC26216DCB00BA1C68 /* Main.storyboard in Resources */,
				EAFA0EBB26216E1B00BA1C68 /* CreateGoals.storyboard in Resources */,
			);
			runOnlyForDeploymentPostprocessing = 0;
		};
/* End PBXResourcesBuildPhase section */

/* Begin PBXSourcesBuildPhase section */
		EAFA0E9D26216DCB00BA1C68 /* Sources */ = {
			isa = PBXSourcesBuildPhase;
			buildActionMask = 2147483647;
			files = (
				EAFA0EBE2621719800BA1C68 /* CreateGoalController.swift in Sources */,
				EAFA0EA926216DCB00BA1C68 /* ViewController.swift in Sources */,
				EAFA0ECE2621772300BA1C68 /* CollectionViewCell.swift in Sources */,
				EAFA0EC82621750F00BA1C68 /* IconController.swift in Sources */,
				EAFA0EA526216DCB00BA1C68 /* AppDelegate.swift in Sources */,
				EAFA0EA726216DCB00BA1C68 /* SceneDelegate.swift in Sources */,
			);
			runOnlyForDeploymentPostprocessing = 0;
		};
/* End PBXSourcesBuildPhase section */

/* Begin PBXVariantGroup section */
		EAFA0EAA26216DCB00BA1C68 /* Main.storyboard */ = {
			isa = PBXVariantGroup;
			children = (
				EAFA0EAB26216DCB00BA1C68 /* Base */,
			);
			name = Main.storyboard;
			sourceTree = "<group>";
		};
		EAFA0EAF26216DCC00BA1C68 /* LaunchScreen.storyboard */ = {
			isa = PBXVariantGroup;
			children = (
				EAFA0EB026216DCC00BA1C68 /* Base */,
			);
			name = LaunchScreen.storyboard;
			sourceTree = "<group>";
		};
/* End PBXVariantGroup section */

/* Begin XCBuildConfiguration section */
		EAFA0EB326216DCC00BA1C68 /* Debug */ = {
			isa = XCBuildConfiguration;
			buildSettings = {
				ALWAYS_SEARCH_USER_PATHS = NO;
				CLANG_ANALYZER_NONNULL = YES;
				CLANG_ANALYZER_NUMBER_OBJECT_CONVERSION = YES_AGGRESSIVE;
				CLANG_CXX_LANGUAGE_STANDARD = "gnu++14";
				CLANG_CXX_LIBRARY = "libc++";
				CLANG_ENABLE_MODULES = YES;
				CLANG_ENABLE_OBJC_ARC = YES;
				CLANG_ENABLE_OBJC_WEAK = YES;
				CLANG_WARN_BLOCK_CAPTURE_AUTORELEASING = YES;
				CLANG_WARN_BOOL_CONVERSION = YES;
				CLANG_WARN_COMMA = YES;
				CLANG_WARN_CONSTANT_CONVERSION = YES;
				CLANG_WARN_DEPRECATED_OBJC_IMPLEMENTATIONS = YES;
				CLANG_WARN_DIRECT_OBJC_ISA_USAGE = YES_ERROR;
				CLANG_WARN_DOCUMENTATION_COMMENTS = YES;
				CLANG_WARN_EMPTY_BODY = YES;
				CLANG_WARN_ENUM_CONVERSION = YES;
				CLANG_WARN_INFINITE_RECURSION = YES;
				CLANG_WARN_INT_CONVERSION = YES;
				CLANG_WARN_NON_LITERAL_NULL_CONVERSION = YES;
				CLANG_WARN_OBJC_IMPLICIT_RETAIN_SELF = YES;
				CLANG_WARN_OBJC_LITERAL_CONVERSION = YES;
				CLANG_WARN_OBJC_ROOT_CLASS = YES_ERROR;
				CLANG_WARN_QUOTED_INCLUDE_IN_FRAMEWORK_HEADER = YES;
				CLANG_WARN_RANGE_LOOP_ANALYSIS = YES;
				CLANG_WARN_STRICT_PROTOTYPES = YES;
				CLANG_WARN_SUSPICIOUS_MOVE = YES;
				CLANG_WARN_UNGUARDED_AVAILABILITY = YES_AGGRESSIVE;
				CLANG_WARN_UNREACHABLE_CODE = YES;
				CLANG_WARN__DUPLICATE_METHOD_MATCH = YES;
				COPY_PHASE_STRIP = NO;
				DEBUG_INFORMATION_FORMAT = dwarf;
				ENABLE_STRICT_OBJC_MSGSEND = YES;
				ENABLE_TESTABILITY = YES;
				GCC_C_LANGUAGE_STANDARD = gnu11;
				GCC_DYNAMIC_NO_PIC = NO;
				GCC_NO_COMMON_BLOCKS = YES;
				GCC_OPTIMIZATION_LEVEL = 0;
				GCC_PREPROCESSOR_DEFINITIONS = (
					"DEBUG=1",
					"$(inherited)",
				);
				GCC_WARN_64_TO_32_BIT_CONVERSION = YES;
				GCC_WARN_ABOUT_RETURN_TYPE = YES_ERROR;
				GCC_WARN_UNDECLARED_SELECTOR = YES;
				GCC_WARN_UNINITIALIZED_AUTOS = YES_AGGRESSIVE;
				GCC_WARN_UNUSED_FUNCTION = YES;
				GCC_WARN_UNUSED_VARIABLE = YES;
				IPHONEOS_DEPLOYMENT_TARGET = 14.4;
				MTL_ENABLE_DEBUG_INFO = INCLUDE_SOURCE;
				MTL_FAST_MATH = YES;
				ONLY_ACTIVE_ARCH = YES;
				SDKROOT = iphoneos;
				SWIFT_ACTIVE_COMPILATION_CONDITIONS = DEBUG;
				SWIFT_OPTIMIZATION_LEVEL = "-Onone";
			};
			name = Debug;
		};
		EAFA0EB426216DCC00BA1C68 /* Release */ = {
			isa = XCBuildConfiguration;
			buildSettings = {
				ALWAYS_SEARCH_USER_PATHS = NO;
				CLANG_ANALYZER_NONNULL = YES;
				CLANG_ANALYZER_NUMBER_OBJECT_CONVERSION = YES_AGGRESSIVE;
				CLANG_CXX_LANGUAGE_STANDARD = "gnu++14";
				CLANG_CXX_LIBRARY = "libc++";
				CLANG_ENABLE_MODULES = YES;
				CLANG_ENABLE_OBJC_ARC = YES;
				CLANG_ENABLE_OBJC_WEAK = YES;
				CLANG_WARN_BLOCK_CAPTURE_AUTORELEASING = YES;
				CLANG_WARN_BOOL_CONVERSION = YES;
				CLANG_WARN_COMMA = YES;
				CLANG_WARN_CONSTANT_CONVERSION = YES;
				CLANG_WARN_DEPRECATED_OBJC_IMPLEMENTATIONS = YES;
				CLANG_WARN_DIRECT_OBJC_ISA_USAGE = YES_ERROR;
				CLANG_WARN_DOCUMENTATION_COMMENTS = YES;
				CLANG_WARN_EMPTY_BODY = YES;
				CLANG_WARN_ENUM_CONVERSION = YES;
				CLANG_WARN_INFINITE_RECURSION = YES;
				CLANG_WARN_INT_CONVERSION = YES;
				CLANG_WARN_NON_LITERAL_NULL_CONVERSION = YES;
				CLANG_WARN_OBJC_IMPLICIT_RETAIN_SELF = YES;
				CLANG_WARN_OBJC_LITERAL_CONVERSION = YES;
				CLANG_WARN_OBJC_ROOT_CLASS = YES_ERROR;
				CLANG_WARN_QUOTED_INCLUDE_IN_FRAMEWORK_HEADER = YES;
				CLANG_WARN_RANGE_LOOP_ANALYSIS = YES;
				CLANG_WARN_STRICT_PROTOTYPES = YES;
				CLANG_WARN_SUSPICIOUS_MOVE = YES;
				CLANG_WARN_UNGUARDED_AVAILABILITY = YES_AGGRESSIVE;
				CLANG_WARN_UNREACHABLE_CODE = YES;
				CLANG_WARN__DUPLICATE_METHOD_MATCH = YES;
				COPY_PHASE_STRIP = NO;
				DEBUG_INFORMATION_FORMAT = "dwarf-with-dsym";
				ENABLE_NS_ASSERTIONS = NO;
				ENABLE_STRICT_OBJC_MSGSEND = YES;
				GCC_C_LANGUAGE_STANDARD = gnu11;
				GCC_NO_COMMON_BLOCKS = YES;
				GCC_WARN_64_TO_32_BIT_CONVERSION = YES;
				GCC_WARN_ABOUT_RETURN_TYPE = YES_ERROR;
				GCC_WARN_UNDECLARED_SELECTOR = YES;
				GCC_WARN_UNINITIALIZED_AUTOS = YES_AGGRESSIVE;
				GCC_WARN_UNUSED_FUNCTION = YES;
				GCC_WARN_UNUSED_VARIABLE = YES;
				IPHONEOS_DEPLOYMENT_TARGET = 14.4;
				MTL_ENABLE_DEBUG_INFO = NO;
				MTL_FAST_MATH = YES;
				SDKROOT = iphoneos;
				SWIFT_COMPILATION_MODE = wholemodule;
				SWIFT_OPTIMIZATION_LEVEL = "-O";
				VALIDATE_PRODUCT = YES;
			};
			name = Release;
		};
		EAFA0EB626216DCC00BA1C68 /* Debug */ = {
			isa = XCBuildConfiguration;
			buildSettings = {
				ASSETCATALOG_COMPILER_APPICON_NAME = AppIcon;
				ASSETCATALOG_COMPILER_GLOBAL_ACCENT_COLOR_NAME = AccentColor;
				CODE_SIGN_STYLE = Automatic;
				DEVELOPMENT_TEAM = 2Q6YC83UDR;
				INFOPLIST_FILE = "fix-mogo/Info.plist";
				LD_RUNPATH_SEARCH_PATHS = (
					"$(inherited)",
					"@executable_path/Frameworks",
				);
				PRODUCT_BUNDLE_IDENTIFIER = "CarlosGamalielManurung.fix-mogo";
				PRODUCT_NAME = "$(TARGET_NAME)";
				SWIFT_VERSION = 5.0;
				TARGETED_DEVICE_FAMILY = "1,2";
			};
			name = Debug;
		};
		EAFA0EB726216DCC00BA1C68 /* Release */ = {
			isa = XCBuildConfiguration;
			buildSettings = {
				ASSETCATALOG_COMPILER_APPICON_NAME = AppIcon;
				ASSETCATALOG_COMPILER_GLOBAL_ACCENT_COLOR_NAME = AccentColor;
				CODE_SIGN_STYLE = Automatic;
				DEVELOPMENT_TEAM = 2Q6YC83UDR;
				INFOPLIST_FILE = "fix-mogo/Info.plist";
				LD_RUNPATH_SEARCH_PATHS = (
					"$(inherited)",
					"@executable_path/Frameworks",
				);
				PRODUCT_BUNDLE_IDENTIFIER = "CarlosGamalielManurung.fix-mogo";
				PRODUCT_NAME = "$(TARGET_NAME)";
				SWIFT_VERSION = 5.0;
				TARGETED_DEVICE_FAMILY = "1,2";
			};
			name = Release;
		};
/* End XCBuildConfiguration section */

/* Begin XCConfigurationList section */
		EAFA0E9C26216DCB00BA1C68 /* Build configuration list for PBXProject "fix-mogo" */ = {
			isa = XCConfigurationList;
			buildConfigurations = (
				EAFA0EB326216DCC00BA1C68 /* Debug */,
				EAFA0EB426216DCC00BA1C68 /* Release */,
			);
			defaultConfigurationIsVisible = 0;
			defaultConfigurationName = Release;
		};
		EAFA0EB526216DCC00BA1C68 /* Build configuration list for PBXNativeTarget "fix-mogo" */ = {
			isa = XCConfigurationList;
			buildConfigurations = (
				EAFA0EB626216DCC00BA1C68 /* Debug */,
				EAFA0EB726216DCC00BA1C68 /* Release */,
			);
			defaultConfigurationIsVisible = 0;
			defaultConfigurationName = Release;
		};
/* End XCConfigurationList section */
	};
	rootObject = EAFA0E9926216DCB00BA1C68 /* Project object */;
}
